// !$*UTF8*$!
{
	archiveVersion = 1;
	classes = {
	};
	objectVersion = 46;
	objects = {

/* Begin PBXBuildFile section */
		EE0C36941D1263EF0013C5C2 /* AppDelegate.swift in Sources */ = {isa = PBXBuildFile; fileRef = EE0C36931D1263EF0013C5C2 /* AppDelegate.swift */; };
		EE0C36961D1263EF0013C5C2 /* ViewController.swift in Sources */ = {isa = PBXBuildFile; fileRef = EE0C36951D1263EF0013C5C2 /* ViewController.swift */; };
		EE0C36991D1263EF0013C5C2 /* Main.storyboard in Resources */ = {isa = PBXBuildFile; fileRef = EE0C36971D1263EF0013C5C2 /* Main.storyboard */; };
		EE0C369B1D1263EF0013C5C2 /* Assets.xcassets in Resources */ = {isa = PBXBuildFile; fileRef = EE0C369A1D1263EF0013C5C2 /* Assets.xcassets */; };
		EE0C369E1D1263EF0013C5C2 /* LaunchScreen.storyboard in Resources */ = {isa = PBXBuildFile; fileRef = EE0C369C1D1263EF0013C5C2 /* LaunchScreen.storyboard */; };
		EE0C36A91D1263EF0013C5C2 /* testsTests.swift in Sources */ = {isa = PBXBuildFile; fileRef = EE0C36A81D1263EF0013C5C2 /* testsTests.swift */; };
		EE0C36B61D12641F0013C5C2 /* Model.swift in Sources */ = {isa = PBXBuildFile; fileRef = EE0C36B31D12641F0013C5C2 /* Model.swift */; };
		EE0C36B71D12641F0013C5C2 /* Numberable.swift in Sources */ = {isa = PBXBuildFile; fileRef = EE0C36B41D12641F0013C5C2 /* Numberable.swift */; };
		EE0C36B81D12641F0013C5C2 /* NestedSequenceGrouper.swift in Sources */ = {isa = PBXBuildFile; fileRef = EE0C36B51D12641F0013C5C2 /* NestedSequenceGrouper.swift */; };
		EE0C36BA1D1264290013C5C2 /* UnitTestHelper.swift in Sources */ = {isa = PBXBuildFile; fileRef = EE0C36B91D1264290013C5C2 /* UnitTestHelper.swift */; };
/* End PBXBuildFile section */

/* Begin PBXContainerItemProxy section */
		EE0C36A51D1263EF0013C5C2 /* PBXContainerItemProxy */ = {
			isa = PBXContainerItemProxy;
			containerPortal = EE0C36881D1263EF0013C5C2 /* Project object */;
			proxyType = 1;
			remoteGlobalIDString = EE0C368F1D1263EF0013C5C2;
			remoteInfo = tests;
		};
/* End PBXContainerItemProxy section */

/* Begin PBXFileReference section */
		EE0C36901D1263EF0013C5C2 /* tests.app */ = {isa = PBXFileReference; explicitFileType = wrapper.application; includeInIndex = 0; path = tests.app; sourceTree = BUILT_PRODUCTS_DIR; };
		EE0C36931D1263EF0013C5C2 /* AppDelegate.swift */ = {isa = PBXFileReference; lastKnownFileType = sourcecode.swift; path = AppDelegate.swift; sourceTree = "<group>"; };
		EE0C36951D1263EF0013C5C2 /* ViewController.swift */ = {isa = PBXFileReference; lastKnownFileType = sourcecode.swift; path = ViewController.swift; sourceTree = "<group>"; };
		EE0C36981D1263EF0013C5C2 /* Base */ = {isa = PBXFileReference; lastKnownFileType = file.storyboard; name = Base; path = Base.lproj/Main.storyboard; sourceTree = "<group>"; };
		EE0C369A1D1263EF0013C5C2 /* Assets.xcassets */ = {isa = PBXFileReference; lastKnownFileType = folder.assetcatalog; path = Assets.xcassets; sourceTree = "<group>"; };
		EE0C369D1D1263EF0013C5C2 /* Base */ = {isa = PBXFileReference; lastKnownFileType = file.storyboard; name = Base; path = Base.lproj/LaunchScreen.storyboard; sourceTree = "<group>"; };
		EE0C369F1D1263EF0013C5C2 /* Info.plist */ = {isa = PBXFileReference; lastKnownFileType = text.plist.xml; path = Info.plist; sourceTree = "<group>"; };
		EE0C36A41D1263EF0013C5C2 /* testsTests.xctest */ = {isa = PBXFileReference; explicitFileType = wrapper.cfbundle; includeInIndex = 0; path = testsTests.xctest; sourceTree = BUILT_PRODUCTS_DIR; };
		EE0C36A81D1263EF0013C5C2 /* testsTests.swift */ = {isa = PBXFileReference; lastKnownFileType = sourcecode.swift; path = testsTests.swift; sourceTree = "<group>"; };
		EE0C36AA1D1263EF0013C5C2 /* Info.plist */ = {isa = PBXFileReference; lastKnownFileType = text.plist.xml; path = Info.plist; sourceTree = "<group>"; };
		EE0C36B31D12641F0013C5C2 /* Model.swift */ = {isa = PBXFileReference; fileEncoding = 4; lastKnownFileType = sourcecode.swift; path = Model.swift; sourceTree = "<group>"; };
		EE0C36B41D12641F0013C5C2 /* Numberable.swift */ = {isa = PBXFileReference; fileEncoding = 4; lastKnownFileType = sourcecode.swift; path = Numberable.swift; sourceTree = "<group>"; };
		EE0C36B51D12641F0013C5C2 /* NestedSequenceGrouper.swift */ = {isa = PBXFileReference; fileEncoding = 4; lastKnownFileType = sourcecode.swift; path = NestedSequenceGrouper.swift; sourceTree = "<group>"; };
		EE0C36B91D1264290013C5C2 /* UnitTestHelper.swift */ = {isa = PBXFileReference; fileEncoding = 4; lastKnownFileType = sourcecode.swift; path = UnitTestHelper.swift; sourceTree = "<group>"; };
/* End PBXFileReference section */

/* Begin PBXFrameworksBuildPhase section */
		EE0C368D1D1263EF0013C5C2 /* Frameworks */ = {
			isa = PBXFrameworksBuildPhase;
			buildActionMask = 2147483647;
			files = (
			);
			runOnlyForDeploymentPostprocessing = 0;
		};
		EE0C36A11D1263EF0013C5C2 /* Frameworks */ = {
			isa = PBXFrameworksBuildPhase;
			buildActionMask = 2147483647;
			files = (
			);
			runOnlyForDeploymentPostprocessing = 0;
		};
/* End PBXFrameworksBuildPhase section */

/* Begin PBXGroup section */
		EE0C36871D1263EF0013C5C2 = {
			isa = PBXGroup;
			children = (
				EE0C36921D1263EF0013C5C2 /* tests */,
				EE0C36A71D1263EF0013C5C2 /* testsTests */,
				EE0C36911D1263EF0013C5C2 /* Products */,
			);
			sourceTree = "<group>";
		};
		EE0C36911D1263EF0013C5C2 /* Products */ = {
			isa = PBXGroup;
			children = (
				EE0C36901D1263EF0013C5C2 /* tests.app */,
				EE0C36A41D1263EF0013C5C2 /* testsTests.xctest */,
			);
			name = Products;
			sourceTree = "<group>";
		};
		EE0C36921D1263EF0013C5C2 /* tests */ = {
			isa = PBXGroup;
			children = (
				EE0C36931D1263EF0013C5C2 /* AppDelegate.swift */,
				EE0C36951D1263EF0013C5C2 /* ViewController.swift */,
				EE0C36B31D12641F0013C5C2 /* Model.swift */,
				EE0C36B41D12641F0013C5C2 /* Numberable.swift */,
				EE0C36B51D12641F0013C5C2 /* NestedSequenceGrouper.swift */,
				EE0C36971D1263EF0013C5C2 /* Main.storyboard */,
				EE0C369A1D1263EF0013C5C2 /* Assets.xcassets */,
				EE0C369C1D1263EF0013C5C2 /* LaunchScreen.storyboard */,
				EE0C369F1D1263EF0013C5C2 /* Info.plist */,
			);
			path = tests;
			sourceTree = "<group>";
		};
		EE0C36A71D1263EF0013C5C2 /* testsTests */ = {
			isa = PBXGroup;
			children = (
				EE0C36B91D1264290013C5C2 /* UnitTestHelper.swift */,
				EE0C36A81D1263EF0013C5C2 /* testsTests.swift */,
				EE0C36AA1D1263EF0013C5C2 /* Info.plist */,
			);
			path = testsTests;
			sourceTree = "<group>";
		};
/* End PBXGroup section */

/* Begin PBXNativeTarget section */
		EE0C368F1D1263EF0013C5C2 /* tests */ = {
			isa = PBXNativeTarget;
			buildConfigurationList = EE0C36AD1D1263EF0013C5C2 /* Build configuration list for PBXNativeTarget "tests" */;
			buildPhases = (
				EE0C368C1D1263EF0013C5C2 /* Sources */,
				EE0C368D1D1263EF0013C5C2 /* Frameworks */,
				EE0C368E1D1263EF0013C5C2 /* Resources */,
			);
			buildRules = (
			);
			dependencies = (
			);
			name = tests;
			productName = tests;
			productReference = EE0C36901D1263EF0013C5C2 /* tests.app */;
			productType = "com.apple.product-type.application";
		};
		EE0C36A31D1263EF0013C5C2 /* testsTests */ = {
			isa = PBXNativeTarget;
			buildConfigurationList = EE0C36B01D1263EF0013C5C2 /* Build configuration list for PBXNativeTarget "testsTests" */;
			buildPhases = (
				EE0C36A01D1263EF0013C5C2 /* Sources */,
				EE0C36A11D1263EF0013C5C2 /* Frameworks */,
				EE0C36A21D1263EF0013C5C2 /* Resources */,
			);
			buildRules = (
			);
			dependencies = (
				EE0C36A61D1263EF0013C5C2 /* PBXTargetDependency */,
			);
			name = testsTests;
			productName = testsTests;
			productReference = EE0C36A41D1263EF0013C5C2 /* testsTests.xctest */;
			productType = "com.apple.product-type.bundle.unit-test";
		};
/* End PBXNativeTarget section */

/* Begin PBXProject section */
		EE0C36881D1263EF0013C5C2 /* Project object */ = {
			isa = PBXProject;
			attributes = {
				LastSwiftUpdateCheck = 0730;
				LastUpgradeCheck = 0730;
				ORGANIZATIONNAME = "Liwei Zhang";
				TargetAttributes = {
					EE0C368F1D1263EF0013C5C2 = {
						CreatedOnToolsVersion = 7.3.1;
					};
					EE0C36A31D1263EF0013C5C2 = {
						CreatedOnToolsVersion = 7.3.1;
						TestTargetID = EE0C368F1D1263EF0013C5C2;
					};
				};
			};
			buildConfigurationList = EE0C368B1D1263EF0013C5C2 /* Build configuration list for PBXProject "tests" */;
			compatibilityVersion = "Xcode 3.2";
			developmentRegion = English;
			hasScannedForEncodings = 0;
			knownRegions = (
				en,
				Base,
			);
			mainGroup = EE0C36871D1263EF0013C5C2;
			productRefGroup = EE0C36911D1263EF0013C5C2 /* Products */;
			projectDirPath = "";
			projectRoot = "";
			targets = (
				EE0C368F1D1263EF0013C5C2 /* tests */,
				EE0C36A31D1263EF0013C5C2 /* testsTests */,
			);
		};
/* End PBXProject section */

/* Begin PBXResourcesBuildPhase section */
		EE0C368E1D1263EF0013C5C2 /* Resources */ = {
			isa = PBXResourcesBuildPhase;
			buildActionMask = 2147483647;
			files = (
				EE0C369E1D1263EF0013C5C2 /* LaunchScreen.storyboard in Resources */,
				EE0C369B1D1263EF0013C5C2 /* Assets.xcassets in Resources */,
				EE0C36991D1263EF0013C5C2 /* Main.storyboard in Resources */,
			);
			runOnlyForDeploymentPostprocessing = 0;
		};
		EE0C36A21D1263EF0013C5C2 /* Resources */ = {
			isa = PBXResourcesBuildPhase;
			buildActionMask = 2147483647;
			files = (
			);
			runOnlyForDeploymentPostprocessing = 0;
		};
/* End PBXResourcesBuildPhase section */

/* Begin PBXSourcesBuildPhase section */
		EE0C368C1D1263EF0013C5C2 /* Sources */ = {
			isa = PBXSourcesBuildPhase;
			buildActionMask = 2147483647;
			files = (
				EE0C36B81D12641F0013C5C2 /* NestedSequenceGrouper.swift in Sources */,
				EE0C36B71D12641F0013C5C2 /* Numberable.swift in Sources */,
				EE0C36B61D12641F0013C5C2 /* Model.swift in Sources */,
				EE0C36961D1263EF0013C5C2 /* ViewController.swift in Sources */,
				EE0C36941D1263EF0013C5C2 /* AppDelegate.swift in Sources */,
			);
			runOnlyForDeploymentPostprocessing = 0;
		};
		EE0C36A01D1263EF0013C5C2 /* Sources */ = {
			isa = PBXSourcesBuildPhase;
			buildActionMask = 2147483647;
			files = (
				EE0C36A91D1263EF0013C5C2 /* testsTests.swift in Sources */,
				EE0C36BA1D1264290013C5C2 /* UnitTestHelper.swift in Sources */,
			);
			runOnlyForDeploymentPostprocessing = 0;
		};
/* End PBXSourcesBuildPhase section */

/* Begin PBXTargetDependency section */
		EE0C36A61D1263EF0013C5C2 /* PBXTargetDependency */ = {
			isa = PBXTargetDependency;
			target = EE0C368F1D1263EF0013C5C2 /* tests */;
			targetProxy = EE0C36A51D1263EF0013C5C2 /* PBXContainerItemProxy */;
		};
/* End PBXTargetDependency section */

/* Begin PBXVariantGroup section */
		EE0C36971D1263EF0013C5C2 /* Main.storyboard */ = {
			isa = PBXVariantGroup;
			children = (
				EE0C36981D1263EF0013C5C2 /* Base */,
			);
			name = Main.storyboard;
			sourceTree = "<group>";
		};
		EE0C369C1D1263EF0013C5C2 /* LaunchScreen.storyboard */ = {
			isa = PBXVariantGroup;
			children = (
				EE0C369D1D1263EF0013C5C2 /* Base */,
			);
			name = LaunchScreen.storyboard;
			sourceTree = "<group>";
		};
/* End PBXVariantGroup section */

/* Begin XCBuildConfiguration section */
		EE0C36AB1D1263EF0013C5C2 /* Debug */ = {
			isa = XCBuildConfiguration;
			buildSettings = {
				ALWAYS_SEARCH_USER_PATHS = NO;
				CLANG_ANALYZER_NONNULL = YES;
				CLANG_CXX_LANGUAGE_STANDARD = "gnu++0x";
				CLANG_CXX_LIBRARY = "libc++";
				CLANG_ENABLE_MODULES = YES;
				CLANG_ENABLE_OBJC_ARC = YES;
				CLANG_WARN_BOOL_CONVERSION = YES;
				CLANG_WARN_CONSTANT_CONVERSION = YES;
				CLANG_WARN_DIRECT_OBJC_ISA_USAGE = YES_ERROR;
				CLANG_WARN_EMPTY_BODY = YES;
				CLANG_WARN_ENUM_CONVERSION = YES;
				CLANG_WARN_INT_CONVERSION = YES;
				CLANG_WARN_OBJC_ROOT_CLASS = YES_ERROR;
				CLANG_WARN_UNREACHABLE_CODE = YES;
				CLANG_WARN__DUPLICATE_METHOD_MATCH = YES;
				"CODE_SIGN_IDENTITY[sdk=iphoneos*]" = "iPhone Developer";
				COPY_PHASE_STRIP = NO;
				DEBUG_INFORMATION_FORMAT = dwarf;
				ENABLE_STRICT_OBJC_MSGSEND = YES;
				ENABLE_TESTABILITY = YES;
				GCC_C_LANGUAGE_STANDARD = gnu99;
				GCC_DYNAMIC_NO_PIC = NO;
				GCC_NO_COMMON_BLOCKS = YES;
				GCC_OPTIMIZATION_LEVEL = 0;
				GCC_PREPROCESSOR_DEFINITIONS = (
					"DEBUG=1",
					"$(inherited)",
				);
				GCC_WARN_64_TO_32_BIT_CONVERSION = YES;
				GCC_WARN_ABOUT_RETURN_TYPE = YES_ERROR;
				GCC_WARN_UNDECLARED_SELECTOR = YES;
				GCC_WARN_UNINITIALIZED_AUTOS = YES_AGGRESSIVE;
				GCC_WARN_UNUSED_FUNCTION = YES;
				GCC_WARN_UNUSED_VARIABLE = YES;
				IPHONEOS_DEPLOYMENT_TARGET = 9.3;
				MTL_ENABLE_DEBUG_INFO = YES;
				ONLY_ACTIVE_ARCH = YES;
				SDKROOT = iphoneos;
				SWIFT_OPTIMIZATION_LEVEL = "-Onone";
				TARGETED_DEVICE_FAMILY = "1,2";
			};
			name = Debug;
		};
		EE0C36AC1D1263EF0013C5C2 /* Release */ = {
			isa = XCBuildConfiguration;
			buildSettings = {
				ALWAYS_SEARCH_USER_PATHS = NO;
				CLANG_ANALYZER_NONNULL = YES;
				CLANG_CXX_LANGUAGE_STANDARD = "gnu++0x";
				CLANG_CXX_LIBRARY = "libc++";
				CLANG_ENABLE_MODULES = YES;
				CLANG_ENABLE_OBJC_ARC = YES;
				CLANG_WARN_BOOL_CONVERSION = YES;
				CLANG_WARN_CONSTANT_CONVERSION = YES;
				CLANG_WARN_DIRECT_OBJC_ISA_USAGE = YES_ERROR;
				CLANG_WARN_EMPTY_BODY = YES;
				CLANG_WARN_ENUM_CONVERSION = YES;
				CLANG_WARN_INT_CONVERSION = YES;
				CLANG_WARN_OBJC_ROOT_CLASS = YES_ERROR;
				CLANG_WARN_UNREACHABLE_CODE = YES;
				CLANG_WARN__DUPLICATE_METHOD_MATCH = YES;
				"CODE_SIGN_IDENTITY[sdk=iphoneos*]" = "iPhone Developer";
				COPY_PHASE_STRIP = NO;
				DEBUG_INFORMATION_FORMAT = "dwarf-with-dsym";
				ENABLE_NS_ASSERTIONS = NO;
				ENABLE_STRICT_OBJC_MSGSEND = YES;
				GCC_C_LANGUAGE_STANDARD = gnu99;
				GCC_NO_COMMON_BLOCKS = YES;
				GCC_WARN_64_TO_32_BIT_CONVERSION = YES;
				GCC_WARN_ABOUT_RETURN_TYPE = YES_ERROR;
				GCC_WARN_UNDECLARED_SELECTOR = YES;
				GCC_WARN_UNINITIALIZED_AUTOS = YES_AGGRESSIVE;
				GCC_WARN_UNUSED_FUNCTION = YES;
				GCC_WARN_UNUSED_VARIABLE = YES;
				IPHONEOS_DEPLOYMENT_TARGET = 9.3;
				MTL_ENABLE_DEBUG_INFO = NO;
				SDKROOT = iphoneos;
				TARGETED_DEVICE_FAMILY = "1,2";
				VALIDATE_PRODUCT = YES;
			};
			name = Release;
		};
		EE0C36AE1D1263EF0013C5C2 /* Debug */ = {
			isa = XCBuildConfiguration;
			buildSettings = {
				ASSETCATALOG_COMPILER_APPICON_NAME = AppIcon;
				INFOPLIST_FILE = tests/Info.plist;
				LD_RUNPATH_SEARCH_PATHS = "$(inherited) @executable_path/Frameworks";
				PRODUCT_BUNDLE_IDENTIFIER = com.Liwei.TCTA.tests;
				PRODUCT_NAME = "$(TARGET_NAME)";
			};
			name = Debug;
		};
		EE0C36AF1D1263EF0013C5C2 /* Release */ = {
			isa = XCBuildConfiguration;
			buildSettings = {
				ASSETCATALOG_COMPILER_APPICON_NAME = AppIcon;
				INFOPLIST_FILE = tests/Info.plist;
				LD_RUNPATH_SEARCH_PATHS = "$(inherited) @executable_path/Frameworks";
				PRODUCT_BUNDLE_IDENTIFIER = com.Liwei.TCTA.tests;
				PRODUCT_NAME = "$(TARGET_NAME)";
			};
			name = Release;
		};
		EE0C36B11D1263EF0013C5C2 /* Debug */ = {
			isa = XCBuildConfiguration;
			buildSettings = {
				BUNDLE_LOADER = "$(TEST_HOST)";
				INFOPLIST_FILE = testsTests/Info.plist;
				LD_RUNPATH_SEARCH_PATHS = "$(inherited) @executable_path/Frameworks @loader_path/Frameworks";
				PRODUCT_BUNDLE_IDENTIFIER = com.Liwei.TCTA.testsTests;
				PRODUCT_NAME = "$(TARGET_NAME)";
				TEST_HOST = "$(BUILT_PRODUCTS_DIR)/tests.app/tests";
			};
			name = Debug;
		};
		EE0C36B21D1263EF0013C5C2 /* Release */ = {
			isa = XCBuildConfiguration;
			buildSettings = {
				BUNDLE_LOADER = "$(TEST_HOST)";
				INFOPLIST_FILE = testsTests/Info.plist;
				LD_RUNPATH_SEARCH_PATHS = "$(inherited) @executable_path/Frameworks @loader_path/Frameworks";
				PRODUCT_BUNDLE_IDENTIFIER = com.Liwei.TCTA.testsTests;
				PRODUCT_NAME = "$(TARGET_NAME)";
				TEST_HOST = "$(BUILT_PRODUCTS_DIR)/tests.app/tests";
			};
			name = Release;
		};
/* End XCBuildConfiguration section */

/* Begin XCConfigurationList section */
		EE0C368B1D1263EF0013C5C2 /* Build configuration list for PBXProject "tests" */ = {
			isa = XCConfigurationList;
			buildConfigurations = (
				EE0C36AB1D1263EF0013C5C2 /* Debug */,
				EE0C36AC1D1263EF0013C5C2 /* Release */,
			);
			defaultConfigurationIsVisible = 0;
			defaultConfigurationName = Release;
		};
		EE0C36AD1D1263EF0013C5C2 /* Build configuration list for PBXNativeTarget "tests" */ = {
			isa = XCConfigurationList;
			buildConfigurations = (
				EE0C36AE1D1263EF0013C5C2 /* Debug */,
				EE0C36AF1D1263EF0013C5C2 /* Release */,
			);
			defaultConfigurationIsVisible = 0;
		};
		EE0C36B01D1263EF0013C5C2 /* Build configuration list for PBXNativeTarget "testsTests" */ = {
			isa = XCConfigurationList;
			buildConfigurations = (
				EE0C36B11D1263EF0013C5C2 /* Debug */,
				EE0C36B21D1263EF0013C5C2 /* Release */,
			);
			defaultConfigurationIsVisible = 0;
		};
/* End XCConfigurationList section */
	};
	rootObject = EE0C36881D1263EF0013C5C2 /* Project object */;
}
