// !$*UTF8*$!
{
	archiveVersion = 1;
	classes = {
	};
	objectVersion = 46;
	objects = {

/* Begin PBXBuildFile section */
		EE02A34D1D12512D00F617AD /* UnitTestHelper.swift in Sources */ = {isa = PBXBuildFile; fileRef = EE02A34C1D12512D00F617AD /* UnitTestHelper.swift */; };
		EE02A34F1D12583E00F617AD /* AppDelegate.swift in Sources */ = {isa = PBXBuildFile; fileRef = EE02A34E1D12583E00F617AD /* AppDelegate.swift */; };
		EE1F105D1D070B9B002F6621 /* Assets.xcassets in Resources */ = {isa = PBXBuildFile; fileRef = EE1F105C1D070B9B002F6621 /* Assets.xcassets */; };
		EE1F106B1D070B9B002F6621 /* ModelTests.swift in Sources */ = {isa = PBXBuildFile; fileRef = EE1F106A1D070B9B002F6621 /* ModelTests.swift */; };
		EE1F10781D070BCE002F6621 /* Model.swift in Sources */ = {isa = PBXBuildFile; fileRef = EE1F10751D070BCE002F6621 /* Model.swift */; };
/* End PBXBuildFile section */

/* Begin PBXContainerItemProxy section */
		EE1F10671D070B9B002F6621 /* PBXContainerItemProxy */ = {
			isa = PBXContainerItemProxy;
			containerPortal = EE1F104A1D070B9A002F6621 /* Project object */;
			proxyType = 1;
			remoteGlobalIDString = EE1F10511D070B9B002F6621;
			remoteInfo = Model;
		};
/* End PBXContainerItemProxy section */

/* Begin PBXFileReference section */
		EE02A34C1D12512D00F617AD /* UnitTestHelper.swift */ = {isa = PBXFileReference; fileEncoding = 4; lastKnownFileType = sourcecode.swift; path = UnitTestHelper.swift; sourceTree = "<group>"; };
		EE02A34E1D12583E00F617AD /* AppDelegate.swift */ = {isa = PBXFileReference; fileEncoding = 4; lastKnownFileType = sourcecode.swift; path = AppDelegate.swift; sourceTree = "<group>"; };
		EE1F10521D070B9B002F6621 /* Model.app */ = {isa = PBXFileReference; explicitFileType = wrapper.application; includeInIndex = 0; path = Model.app; sourceTree = BUILT_PRODUCTS_DIR; };
		EE1F105C1D070B9B002F6621 /* Assets.xcassets */ = {isa = PBXFileReference; lastKnownFileType = folder.assetcatalog; path = Assets.xcassets; sourceTree = "<group>"; };
		EE1F10611D070B9B002F6621 /* Info.plist */ = {isa = PBXFileReference; lastKnownFileType = text.plist.xml; path = Info.plist; sourceTree = "<group>"; };
		EE1F10661D070B9B002F6621 /* ModelTests.xctest */ = {isa = PBXFileReference; explicitFileType = wrapper.cfbundle; includeInIndex = 0; path = ModelTests.xctest; sourceTree = BUILT_PRODUCTS_DIR; };
		EE1F106A1D070B9B002F6621 /* ModelTests.swift */ = {isa = PBXFileReference; lastKnownFileType = sourcecode.swift; path = ModelTests.swift; sourceTree = "<group>"; };
		EE1F106C1D070B9B002F6621 /* Info.plist */ = {isa = PBXFileReference; lastKnownFileType = text.plist.xml; path = Info.plist; sourceTree = "<group>"; };
		EE1F10751D070BCE002F6621 /* Model.swift */ = {isa = PBXFileReference; fileEncoding = 4; lastKnownFileType = sourcecode.swift; path = Model.swift; sourceTree = "<group>"; };
/* End PBXFileReference section */

/* Begin PBXFrameworksBuildPhase section */
		EE1F104F1D070B9B002F6621 /* Frameworks */ = {
			isa = PBXFrameworksBuildPhase;
			buildActionMask = 2147483647;
			files = (
			);
			runOnlyForDeploymentPostprocessing = 0;
		};
		EE1F10631D070B9B002F6621 /* Frameworks */ = {
			isa = PBXFrameworksBuildPhase;
			buildActionMask = 2147483647;
			files = (
			);
			runOnlyForDeploymentPostprocessing = 0;
		};
/* End PBXFrameworksBuildPhase section */

/* Begin PBXGroup section */
		EE1F10491D070B9A002F6621 = {
			isa = PBXGroup;
			children = (
				EE1F10541D070B9B002F6621 /* Model */,
				EE1F10691D070B9B002F6621 /* ModelTests */,
				EE1F10531D070B9B002F6621 /* Products */,
			);
			sourceTree = "<group>";
		};
		EE1F10531D070B9B002F6621 /* Products */ = {
			isa = PBXGroup;
			children = (
				EE1F10521D070B9B002F6621 /* Model.app */,
				EE1F10661D070B9B002F6621 /* ModelTests.xctest */,
			);
			name = Products;
			sourceTree = "<group>";
		};
		EE1F10541D070B9B002F6621 /* Model */ = {
			isa = PBXGroup;
			children = (
				EE02A34E1D12583E00F617AD /* AppDelegate.swift */,
				EE1F10751D070BCE002F6621 /* Model.swift */,
				EE1F105C1D070B9B002F6621 /* Assets.xcassets */,
				EE1F10611D070B9B002F6621 /* Info.plist */,
			);
			path = Model;
			sourceTree = "<group>";
		};
		EE1F10691D070B9B002F6621 /* ModelTests */ = {
			isa = PBXGroup;
			children = (
				EE02A34C1D12512D00F617AD /* UnitTestHelper.swift */,
				EE1F106A1D070B9B002F6621 /* ModelTests.swift */,
				EE1F106C1D070B9B002F6621 /* Info.plist */,
			);
			path = ModelTests;
			sourceTree = "<group>";
		};
/* End PBXGroup section */

/* Begin PBXNativeTarget section */
		EE1F10511D070B9B002F6621 /* Model */ = {
			isa = PBXNativeTarget;
			buildConfigurationList = EE1F106F1D070B9B002F6621 /* Build configuration list for PBXNativeTarget "Model" */;
			buildPhases = (
				EE1F104E1D070B9B002F6621 /* Sources */,
				EE1F104F1D070B9B002F6621 /* Frameworks */,
				EE1F10501D070B9B002F6621 /* Resources */,
			);
			buildRules = (
			);
			dependencies = (
			);
			name = Model;
			productName = Model;
			productReference = EE1F10521D070B9B002F6621 /* Model.app */;
			productType = "com.apple.product-type.application";
		};
		EE1F10651D070B9B002F6621 /* ModelTests */ = {
			isa = PBXNativeTarget;
			buildConfigurationList = EE1F10721D070B9B002F6621 /* Build configuration list for PBXNativeTarget "ModelTests" */;
			buildPhases = (
				EE1F10621D070B9B002F6621 /* Sources */,
				EE1F10631D070B9B002F6621 /* Frameworks */,
				EE1F10641D070B9B002F6621 /* Resources */,
			);
			buildRules = (
			);
			dependencies = (
				EE1F10681D070B9B002F6621 /* PBXTargetDependency */,
			);
			name = ModelTests;
			productName = ModelTests;
			productReference = EE1F10661D070B9B002F6621 /* ModelTests.xctest */;
			productType = "com.apple.product-type.bundle.unit-test";
		};
/* End PBXNativeTarget section */

/* Begin PBXProject section */
		EE1F104A1D070B9A002F6621 /* Project object */ = {
			isa = PBXProject;
			attributes = {
				LastSwiftUpdateCheck = 0730;
				LastUpgradeCheck = 0800;
				ORGANIZATIONNAME = "Liwei Zhang";
				TargetAttributes = {
					EE1F10511D070B9B002F6621 = {
						CreatedOnToolsVersion = 7.3.1;
						LastSwiftMigration = 0800;
					};
					EE1F10651D070B9B002F6621 = {
						CreatedOnToolsVersion = 7.3.1;
						LastSwiftMigration = 0800;
						TestTargetID = EE1F10511D070B9B002F6621;
					};
				};
			};
			buildConfigurationList = EE1F104D1D070B9A002F6621 /* Build configuration list for PBXProject "Model" */;
			compatibilityVersion = "Xcode 3.2";
			developmentRegion = English;
			hasScannedForEncodings = 0;
			knownRegions = (
				en,
				Base,
			);
			mainGroup = EE1F10491D070B9A002F6621;
			productRefGroup = EE1F10531D070B9B002F6621 /* Products */;
			projectDirPath = "";
			projectRoot = "";
			targets = (
				EE1F10511D070B9B002F6621 /* Model */,
				EE1F10651D070B9B002F6621 /* ModelTests */,
			);
		};
/* End PBXProject section */

/* Begin PBXResourcesBuildPhase section */
		EE1F10501D070B9B002F6621 /* Resources */ = {
			isa = PBXResourcesBuildPhase;
			buildActionMask = 2147483647;
			files = (
				EE1F105D1D070B9B002F6621 /* Assets.xcassets in Resources */,
			);
			runOnlyForDeploymentPostprocessing = 0;
		};
		EE1F10641D070B9B002F6621 /* Resources */ = {
			isa = PBXResourcesBuildPhase;
			buildActionMask = 2147483647;
			files = (
			);
			runOnlyForDeploymentPostprocessing = 0;
		};
/* End PBXResourcesBuildPhase section */

/* Begin PBXSourcesBuildPhase section */
		EE1F104E1D070B9B002F6621 /* Sources */ = {
			isa = PBXSourcesBuildPhase;
			buildActionMask = 2147483647;
			files = (
				EE02A34F1D12583E00F617AD /* AppDelegate.swift in Sources */,
				EE1F10781D070BCE002F6621 /* Model.swift in Sources */,
			);
			runOnlyForDeploymentPostprocessing = 0;
		};
		EE1F10621D070B9B002F6621 /* Sources */ = {
			isa = PBXSourcesBuildPhase;
			buildActionMask = 2147483647;
			files = (
				EE1F106B1D070B9B002F6621 /* ModelTests.swift in Sources */,
				EE02A34D1D12512D00F617AD /* UnitTestHelper.swift in Sources */,
			);
			runOnlyForDeploymentPostprocessing = 0;
		};
/* End PBXSourcesBuildPhase section */

/* Begin PBXTargetDependency section */
		EE1F10681D070B9B002F6621 /* PBXTargetDependency */ = {
			isa = PBXTargetDependency;
			target = EE1F10511D070B9B002F6621 /* Model */;
			targetProxy = EE1F10671D070B9B002F6621 /* PBXContainerItemProxy */;
		};
/* End PBXTargetDependency section */

/* Begin XCBuildConfiguration section */
		EE1F106D1D070B9B002F6621 /* Debug */ = {
			isa = XCBuildConfiguration;
			buildSettings = {
				ALWAYS_SEARCH_USER_PATHS = NO;
				CLANG_ANALYZER_NONNULL = YES;
				CLANG_CXX_LANGUAGE_STANDARD = "gnu++0x";
				CLANG_CXX_LIBRARY = "libc++";
				CLANG_ENABLE_MODULES = YES;
				CLANG_ENABLE_OBJC_ARC = YES;
				CLANG_WARN_BOOL_CONVERSION = YES;
				CLANG_WARN_CONSTANT_CONVERSION = YES;
				CLANG_WARN_DIRECT_OBJC_ISA_USAGE = YES_ERROR;
				CLANG_WARN_EMPTY_BODY = YES;
				CLANG_WARN_ENUM_CONVERSION = YES;
				CLANG_WARN_INT_CONVERSION = YES;
				CLANG_WARN_OBJC_ROOT_CLASS = YES_ERROR;
				CLANG_WARN_UNREACHABLE_CODE = YES;
				CLANG_WARN__DUPLICATE_METHOD_MATCH = YES;
				"CODE_SIGN_IDENTITY[sdk=iphoneos*]" = "iPhone Developer";
				COPY_PHASE_STRIP = NO;
				DEBUG_INFORMATION_FORMAT = dwarf;
				ENABLE_STRICT_OBJC_MSGSEND = YES;
				ENABLE_TESTABILITY = YES;
				GCC_C_LANGUAGE_STANDARD = gnu99;
				GCC_DYNAMIC_NO_PIC = NO;
				GCC_NO_COMMON_BLOCKS = YES;
				GCC_OPTIMIZATION_LEVEL = 0;
				GCC_PREPROCESSOR_DEFINITIONS = (
					"DEBUG=1",
					"$(inherited)",
				);
				GCC_WARN_64_TO_32_BIT_CONVERSION = YES;
				GCC_WARN_ABOUT_RETURN_TYPE = YES_ERROR;
				GCC_WARN_UNDECLARED_SELECTOR = YES;
				GCC_WARN_UNINITIALIZED_AUTOS = YES_AGGRESSIVE;
				GCC_WARN_UNUSED_FUNCTION = YES;
				GCC_WARN_UNUSED_VARIABLE = YES;
				IPHONEOS_DEPLOYMENT_TARGET = 9.3;
				MTL_ENABLE_DEBUG_INFO = YES;
				ONLY_ACTIVE_ARCH = YES;
				SDKROOT = iphoneos;
				SWIFT_OPTIMIZATION_LEVEL = "-Onone";
				TARGETED_DEVICE_FAMILY = "1,2";
			};
			name = Debug;
		};
		EE1F106E1D070B9B002F6621 /* Release */ = {
			isa = XCBuildConfiguration;
			buildSettings = {
				ALWAYS_SEARCH_USER_PATHS = NO;
				CLANG_ANALYZER_NONNULL = YES;
				CLANG_CXX_LANGUAGE_STANDARD = "gnu++0x";
				CLANG_CXX_LIBRARY = "libc++";
				CLANG_ENABLE_MODULES = YES;
				CLANG_ENABLE_OBJC_ARC = YES;
				CLANG_WARN_BOOL_CONVERSION = YES;
				CLANG_WARN_CONSTANT_CONVERSION = YES;
				CLANG_WARN_DIRECT_OBJC_ISA_USAGE = YES_ERROR;
				CLANG_WARN_EMPTY_BODY = YES;
				CLANG_WARN_ENUM_CONVERSION = YES;
				CLANG_WARN_INT_CONVERSION = YES;
				CLANG_WARN_OBJC_ROOT_CLASS = YES_ERROR;
				CLANG_WARN_UNREACHABLE_CODE = YES;
				CLANG_WARN__DUPLICATE_METHOD_MATCH = YES;
				"CODE_SIGN_IDENTITY[sdk=iphoneos*]" = "iPhone Developer";
				COPY_PHASE_STRIP = NO;
				DEBUG_INFORMATION_FORMAT = "dwarf-with-dsym";
				ENABLE_NS_ASSERTIONS = NO;
				ENABLE_STRICT_OBJC_MSGSEND = YES;
				GCC_C_LANGUAGE_STANDARD = gnu99;
				GCC_NO_COMMON_BLOCKS = YES;
				GCC_WARN_64_TO_32_BIT_CONVERSION = YES;
				GCC_WARN_ABOUT_RETURN_TYPE = YES_ERROR;
				GCC_WARN_UNDECLARED_SELECTOR = YES;
				GCC_WARN_UNINITIALIZED_AUTOS = YES_AGGRESSIVE;
				GCC_WARN_UNUSED_FUNCTION = YES;
				GCC_WARN_UNUSED_VARIABLE = YES;
				IPHONEOS_DEPLOYMENT_TARGET = 9.3;
				MTL_ENABLE_DEBUG_INFO = NO;
				SDKROOT = iphoneos;
				TARGETED_DEVICE_FAMILY = "1,2";
				VALIDATE_PRODUCT = YES;
			};
			name = Release;
		};
		EE1F10701D070B9B002F6621 /* Debug */ = {
			isa = XCBuildConfiguration;
			buildSettings = {
				ASSETCATALOG_COMPILER_APPICON_NAME = AppIcon;
				INFOPLIST_FILE = Model/Info.plist;
				LD_RUNPATH_SEARCH_PATHS = "$(inherited) @executable_path/Frameworks";
				PRODUCT_BUNDLE_IDENTIFIER = com.Liwei.TCTA.Model;
				PRODUCT_NAME = "$(TARGET_NAME)";
				SWIFT_VERSION = 3.0;
			};
			name = Debug;
		};
		EE1F10711D070B9B002F6621 /* Release */ = {
			isa = XCBuildConfiguration;
			buildSettings = {
				ASSETCATALOG_COMPILER_APPICON_NAME = AppIcon;
				INFOPLIST_FILE = Model/Info.plist;
				LD_RUNPATH_SEARCH_PATHS = "$(inherited) @executable_path/Frameworks";
				PRODUCT_BUNDLE_IDENTIFIER = com.Liwei.TCTA.Model;
				PRODUCT_NAME = "$(TARGET_NAME)";
				SWIFT_OPTIMIZATION_LEVEL = "-Owholemodule";
				SWIFT_VERSION = 3.0;
			};
			name = Release;
		};
		EE1F10731D070B9B002F6621 /* Debug */ = {
			isa = XCBuildConfiguration;
			buildSettings = {
				BUNDLE_LOADER = "$(TEST_HOST)";
				INFOPLIST_FILE = ModelTests/Info.plist;
				LD_RUNPATH_SEARCH_PATHS = "$(inherited) @executable_path/Frameworks @loader_path/Frameworks";
				PRODUCT_BUNDLE_IDENTIFIER = com.Liwei.TCTA.ModelTests;
				PRODUCT_NAME = "$(TARGET_NAME)";
				SWIFT_VERSION = 3.0;
				TEST_HOST = "$(BUILT_PRODUCTS_DIR)/Model.app/Model";
			};
			name = Debug;
		};
		EE1F10741D070B9B002F6621 /* Release */ = {
			isa = XCBuildConfiguration;
			buildSettings = {
				BUNDLE_LOADER = "$(TEST_HOST)";
				INFOPLIST_FILE = ModelTests/Info.plist;
				LD_RUNPATH_SEARCH_PATHS = "$(inherited) @executable_path/Frameworks @loader_path/Frameworks";
				PRODUCT_BUNDLE_IDENTIFIER = com.Liwei.TCTA.ModelTests;
				PRODUCT_NAME = "$(TARGET_NAME)";
				SWIFT_OPTIMIZATION_LEVEL = "-Owholemodule";
				SWIFT_VERSION = 3.0;
				TEST_HOST = "$(BUILT_PRODUCTS_DIR)/Model.app/Model";
			};
			name = Release;
		};
/* End XCBuildConfiguration section */

/* Begin XCConfigurationList section */
		EE1F104D1D070B9A002F6621 /* Build configuration list for PBXProject "Model" */ = {
			isa = XCConfigurationList;
			buildConfigurations = (
				EE1F106D1D070B9B002F6621 /* Debug */,
				EE1F106E1D070B9B002F6621 /* Release */,
			);
			defaultConfigurationIsVisible = 0;
			defaultConfigurationName = Release;
		};
		EE1F106F1D070B9B002F6621 /* Build configuration list for PBXNativeTarget "Model" */ = {
			isa = XCConfigurationList;
			buildConfigurations = (
				EE1F10701D070B9B002F6621 /* Debug */,
				EE1F10711D070B9B002F6621 /* Release */,
			);
			defaultConfigurationIsVisible = 0;
			defaultConfigurationName = Release;
		};
		EE1F10721D070B9B002F6621 /* Build configuration list for PBXNativeTarget "ModelTests" */ = {
			isa = XCConfigurationList;
			buildConfigurations = (
				EE1F10731D070B9B002F6621 /* Debug */,
				EE1F10741D070B9B002F6621 /* Release */,
			);
			defaultConfigurationIsVisible = 0;
			defaultConfigurationName = Release;
		};
/* End XCConfigurationList section */
	};
	rootObject = EE1F104A1D070B9A002F6621 /* Project object */;
}
